
Microsoft Visual Studio Solution File, Format Version 12.00
# Visual Studio 15
VisualStudioVersion = 15.0.26228.9
MinimumVisualStudioVersion = 10.0.40219.1
Project("{FAE04EC0-301F-11D3-BF4B-00C04F79EFBC}") = "Solid.SRP", "Solid.SRP\Solid.SRP.csproj", "{9D256BC9-0451-4ACC-B030-1CB14411B20B}"
EndProject
Project("{FAE04EC0-301F-11D3-BF4B-00C04F79EFBC}") = "SOLID.OCP", "SOLID.OCP\SOLID.OCP.csproj", "{BA2CDFA7-D74C-4ED9-99D0-A58D2A812A1C}"
EndProject
Global
	GlobalSection(SolutionConfigurationPlatforms) = preSolution
		Debug|Any CPU = Debug|Any CPU
		Release|Any CPU = Release|Any CPU
	EndGlobalSection
	GlobalSection(ProjectConfigurationPlatforms) = postSolution
		{9D256BC9-0451-4ACC-B030-1CB14411B20B}.Debug|Any CPU.ActiveCfg = Debug|Any CPU
		{9D256BC9-0451-4ACC-B030-1CB14411B20B}.Debug|Any CPU.Build.0 = Debug|Any CPU
		{9D256BC9-0451-4ACC-B030-1CB14411B20B}.Release|Any CPU.ActiveCfg = Release|Any CPU
		{9D256BC9-0451-4ACC-B030-1CB14411B20B}.Release|Any CPU.Build.0 = Release|Any CPU
		{BA2CDFA7-D74C-4ED9-99D0-A58D2A812A1C}.Debug|Any CPU.ActiveCfg = Debug|Any CPU
		{BA2CDFA7-D74C-4ED9-99D0-A58D2A812A1C}.Debug|Any CPU.Build.0 = Debug|Any CPU
		{BA2CDFA7-D74C-4ED9-99D0-A58D2A812A1C}.Release|Any CPU.ActiveCfg = Release|Any CPU
		{BA2CDFA7-D74C-4ED9-99D0-A58D2A812A1C}.Release|Any CPU.Build.0 = Release|Any CPU
	EndGlobalSection
	GlobalSection(SolutionProperties) = preSolution
		HideSolutionNode = FALSE
	EndGlobalSection
EndGlobal
